// !$*UTF8*$!
{
	archiveVersion = 1;
	classes = {
	};
	objectVersion = 50;
	objects = {

/* Begin PBXBuildFile section */
		0ECBB32B22DAA3F300142841 /* AppDelegate.swift in Sources */ = {isa = PBXBuildFile; fileRef = 0ECBB32A22DAA3F300142841 /* AppDelegate.swift */; };
		0ECBB32D22DAA3F300142841 /* ViewController.swift in Sources */ = {isa = PBXBuildFile; fileRef = 0ECBB32C22DAA3F300142841 /* ViewController.swift */; };
		0ECBB33022DAA3F300142841 /* Main.storyboard in Resources */ = {isa = PBXBuildFile; fileRef = 0ECBB32E22DAA3F300142841 /* Main.storyboard */; };
		0ECBB33222DAA3F400142841 /* Assets.xcassets in Resources */ = {isa = PBXBuildFile; fileRef = 0ECBB33122DAA3F400142841 /* Assets.xcassets */; };
		0ECBB33522DAA3F400142841 /* LaunchScreen.storyboard in Resources */ = {isa = PBXBuildFile; fileRef = 0ECBB33322DAA3F400142841 /* LaunchScreen.storyboard */; };
		0ECBB34022DAA3F400142841 /* VendingMachineAppTests.swift in Sources */ = {isa = PBXBuildFile; fileRef = 0ECBB33F22DAA3F400142841 /* VendingMachineAppTests.swift */; };
		0ECBB34B22DAA3F400142841 /* VendingMachineAppUITests.swift in Sources */ = {isa = PBXBuildFile; fileRef = 0ECBB34A22DAA3F400142841 /* VendingMachineAppUITests.swift */; };
/* End PBXBuildFile section */

/* Begin PBXContainerItemProxy section */
		0ECBB33C22DAA3F400142841 /* PBXContainerItemProxy */ = {
			isa = PBXContainerItemProxy;
			containerPortal = 0ECBB31F22DAA3F300142841 /* Project object */;
			proxyType = 1;
			remoteGlobalIDString = 0ECBB32622DAA3F300142841;
			remoteInfo = VendingMachineApp;
		};
		0ECBB34722DAA3F400142841 /* PBXContainerItemProxy */ = {
			isa = PBXContainerItemProxy;
			containerPortal = 0ECBB31F22DAA3F300142841 /* Project object */;
			proxyType = 1;
			remoteGlobalIDString = 0ECBB32622DAA3F300142841;
			remoteInfo = VendingMachineApp;
		};
/* End PBXContainerItemProxy section */

/* Begin PBXFileReference section */
		0ECBB32722DAA3F300142841 /* VendingMachineApp.app */ = {isa = PBXFileReference; explicitFileType = wrapper.application; includeInIndex = 0; path = VendingMachineApp.app; sourceTree = BUILT_PRODUCTS_DIR; };
		0ECBB32A22DAA3F300142841 /* AppDelegate.swift */ = {isa = PBXFileReference; lastKnownFileType = sourcecode.swift; path = AppDelegate.swift; sourceTree = "<group>"; };
		0ECBB32C22DAA3F300142841 /* ViewController.swift */ = {isa = PBXFileReference; lastKnownFileType = sourcecode.swift; path = ViewController.swift; sourceTree = "<group>"; };
		0ECBB32F22DAA3F300142841 /* Base */ = {isa = PBXFileReference; lastKnownFileType = file.storyboard; name = Base; path = Base.lproj/Main.storyboard; sourceTree = "<group>"; };
		0ECBB33122DAA3F400142841 /* Assets.xcassets */ = {isa = PBXFileReference; lastKnownFileType = folder.assetcatalog; path = Assets.xcassets; sourceTree = "<group>"; };
		0ECBB33422DAA3F400142841 /* Base */ = {isa = PBXFileReference; lastKnownFileType = file.storyboard; name = Base; path = Base.lproj/LaunchScreen.storyboard; sourceTree = "<group>"; };
		0ECBB33622DAA3F400142841 /* Info.plist */ = {isa = PBXFileReference; lastKnownFileType = text.plist.xml; path = Info.plist; sourceTree = "<group>"; };
		0ECBB33B22DAA3F400142841 /* VendingMachineAppTests.xctest */ = {isa = PBXFileReference; explicitFileType = wrapper.cfbundle; includeInIndex = 0; path = VendingMachineAppTests.xctest; sourceTree = BUILT_PRODUCTS_DIR; };
		0ECBB33F22DAA3F400142841 /* VendingMachineAppTests.swift */ = {isa = PBXFileReference; lastKnownFileType = sourcecode.swift; path = VendingMachineAppTests.swift; sourceTree = "<group>"; };
		0ECBB34122DAA3F400142841 /* Info.plist */ = {isa = PBXFileReference; lastKnownFileType = text.plist.xml; path = Info.plist; sourceTree = "<group>"; };
		0ECBB34622DAA3F400142841 /* VendingMachineAppUITests.xctest */ = {isa = PBXFileReference; explicitFileType = wrapper.cfbundle; includeInIndex = 0; path = VendingMachineAppUITests.xctest; sourceTree = BUILT_PRODUCTS_DIR; };
		0ECBB34A22DAA3F400142841 /* VendingMachineAppUITests.swift */ = {isa = PBXFileReference; lastKnownFileType = sourcecode.swift; path = VendingMachineAppUITests.swift; sourceTree = "<group>"; };
		0ECBB34C22DAA3F400142841 /* Info.plist */ = {isa = PBXFileReference; lastKnownFileType = text.plist.xml; path = Info.plist; sourceTree = "<group>"; };
/* End PBXFileReference section */

/* Begin PBXFrameworksBuildPhase section */
		0ECBB32422DAA3F300142841 /* Frameworks */ = {
			isa = PBXFrameworksBuildPhase;
			buildActionMask = 2147483647;
			files = (
			);
			runOnlyForDeploymentPostprocessing = 0;
		};
		0ECBB33822DAA3F400142841 /* Frameworks */ = {
			isa = PBXFrameworksBuildPhase;
			buildActionMask = 2147483647;
			files = (
			);
			runOnlyForDeploymentPostprocessing = 0;
		};
		0ECBB34322DAA3F400142841 /* Frameworks */ = {
			isa = PBXFrameworksBuildPhase;
			buildActionMask = 2147483647;
			files = (
			);
			runOnlyForDeploymentPostprocessing = 0;
		};
/* End PBXFrameworksBuildPhase section */

/* Begin PBXGroup section */
		0ECBB31E22DAA3F300142841 = {
			isa = PBXGroup;
			children = (
				0ECBB32922DAA3F300142841 /* VendingMachineApp */,
				0ECBB33E22DAA3F400142841 /* VendingMachineAppTests */,
				0ECBB34922DAA3F400142841 /* VendingMachineAppUITests */,
				0ECBB32822DAA3F300142841 /* Products */,
			);
			sourceTree = "<group>";
		};
		0ECBB32822DAA3F300142841 /* Products */ = {
			isa = PBXGroup;
			children = (
				0ECBB32722DAA3F300142841 /* VendingMachineApp.app */,
				0ECBB33B22DAA3F400142841 /* VendingMachineAppTests.xctest */,
				0ECBB34622DAA3F400142841 /* VendingMachineAppUITests.xctest */,
			);
			name = Products;
			sourceTree = "<group>";
		};
		0ECBB32922DAA3F300142841 /* VendingMachineApp */ = {
			isa = PBXGroup;
			children = (
				0ECBB32A22DAA3F300142841 /* AppDelegate.swift */,
				0ECBB32C22DAA3F300142841 /* ViewController.swift */,
				0ECBB32E22DAA3F300142841 /* Main.storyboard */,
				0ECBB33122DAA3F400142841 /* Assets.xcassets */,
				0ECBB33322DAA3F400142841 /* LaunchScreen.storyboard */,
				0ECBB33622DAA3F400142841 /* Info.plist */,
			);
			path = VendingMachineApp;
			sourceTree = "<group>";
		};
		0ECBB33E22DAA3F400142841 /* VendingMachineAppTests */ = {
			isa = PBXGroup;
			children = (
				0ECBB33F22DAA3F400142841 /* VendingMachineAppTests.swift */,
				0ECBB34122DAA3F400142841 /* Info.plist */,
			);
			path = VendingMachineAppTests;
			sourceTree = "<group>";
		};
		0ECBB34922DAA3F400142841 /* VendingMachineAppUITests */ = {
			isa = PBXGroup;
			children = (
				0ECBB34A22DAA3F400142841 /* VendingMachineAppUITests.swift */,
				0ECBB34C22DAA3F400142841 /* Info.plist */,
			);
			path = VendingMachineAppUITests;
			sourceTree = "<group>";
		};
/* End PBXGroup section */

/* Begin PBXNativeTarget section */
		0ECBB32622DAA3F300142841 /* VendingMachineApp */ = {
			isa = PBXNativeTarget;
			buildConfigurationList = 0ECBB34F22DAA3F400142841 /* Build configuration list for PBXNativeTarget "VendingMachineApp" */;
			buildPhases = (
				0ECBB32322DAA3F300142841 /* Sources */,
				0ECBB32422DAA3F300142841 /* Frameworks */,
				0ECBB32522DAA3F300142841 /* Resources */,
			);
			buildRules = (
			);
			dependencies = (
			);
			name = VendingMachineApp;
			productName = VendingMachineApp;
			productReference = 0ECBB32722DAA3F300142841 /* VendingMachineApp.app */;
			productType = "com.apple.product-type.application";
		};
		0ECBB33A22DAA3F400142841 /* VendingMachineAppTests */ = {
			isa = PBXNativeTarget;
			buildConfigurationList = 0ECBB35222DAA3F400142841 /* Build configuration list for PBXNativeTarget "VendingMachineAppTests" */;
			buildPhases = (
				0ECBB33722DAA3F400142841 /* Sources */,
				0ECBB33822DAA3F400142841 /* Frameworks */,
				0ECBB33922DAA3F400142841 /* Resources */,
			);
			buildRules = (
			);
			dependencies = (
				0ECBB33D22DAA3F400142841 /* PBXTargetDependency */,
			);
			name = VendingMachineAppTests;
			productName = VendingMachineAppTests;
			productReference = 0ECBB33B22DAA3F400142841 /* VendingMachineAppTests.xctest */;
			productType = "com.apple.product-type.bundle.unit-test";
		};
		0ECBB34522DAA3F400142841 /* VendingMachineAppUITests */ = {
			isa = PBXNativeTarget;
			buildConfigurationList = 0ECBB35522DAA3F400142841 /* Build configuration list for PBXNativeTarget "VendingMachineAppUITests" */;
			buildPhases = (
				0ECBB34222DAA3F400142841 /* Sources */,
				0ECBB34322DAA3F400142841 /* Frameworks */,
				0ECBB34422DAA3F400142841 /* Resources */,
			);
			buildRules = (
			);
			dependencies = (
				0ECBB34822DAA3F400142841 /* PBXTargetDependency */,
			);
			name = VendingMachineAppUITests;
			productName = VendingMachineAppUITests;
			productReference = 0ECBB34622DAA3F400142841 /* VendingMachineAppUITests.xctest */;
			productType = "com.apple.product-type.bundle.ui-testing";
		};
/* End PBXNativeTarget section */

/* Begin PBXProject section */
		0ECBB31F22DAA3F300142841 /* Project object */ = {
			isa = PBXProject;
			attributes = {
				LastSwiftUpdateCheck = 1020;
				LastUpgradeCheck = 1020;
				ORGANIZATIONNAME = "부엉이";
				TargetAttributes = {
					0ECBB32622DAA3F300142841 = {
						CreatedOnToolsVersion = 10.2.1;
					};
					0ECBB33A22DAA3F400142841 = {
						CreatedOnToolsVersion = 10.2.1;
						TestTargetID = 0ECBB32622DAA3F300142841;
					};
					0ECBB34522DAA3F400142841 = {
						CreatedOnToolsVersion = 10.2.1;
						TestTargetID = 0ECBB32622DAA3F300142841;
					};
				};
			};
			buildConfigurationList = 0ECBB32222DAA3F300142841 /* Build configuration list for PBXProject "VendingMachineApp" */;
			compatibilityVersion = "Xcode 9.3";
			developmentRegion = en;
			hasScannedForEncodings = 0;
			knownRegions = (
				en,
				Base,
			);
			mainGroup = 0ECBB31E22DAA3F300142841;
			productRefGroup = 0ECBB32822DAA3F300142841 /* Products */;
			projectDirPath = "";
			projectRoot = "";
			targets = (
				0ECBB32622DAA3F300142841 /* VendingMachineApp */,
				0ECBB33A22DAA3F400142841 /* VendingMachineAppTests */,
				0ECBB34522DAA3F400142841 /* VendingMachineAppUITests */,
			);
		};
/* End PBXProject section */

/* Begin PBXResourcesBuildPhase section */
		0ECBB32522DAA3F300142841 /* Resources */ = {
			isa = PBXResourcesBuildPhase;
			buildActionMask = 2147483647;
			files = (
				0ECBB33522DAA3F400142841 /* LaunchScreen.storyboard in Resources */,
				0ECBB33222DAA3F400142841 /* Assets.xcassets in Resources */,
				0ECBB33022DAA3F300142841 /* Main.storyboard in Resources */,
			);
			runOnlyForDeploymentPostprocessing = 0;
		};
		0ECBB33922DAA3F400142841 /* Resources */ = {
			isa = PBXResourcesBuildPhase;
			buildActionMask = 2147483647;
			files = (
			);
			runOnlyForDeploymentPostprocessing = 0;
		};
		0ECBB34422DAA3F400142841 /* Resources */ = {
			isa = PBXResourcesBuildPhase;
			buildActionMask = 2147483647;
			files = (
			);
			runOnlyForDeploymentPostprocessing = 0;
		};
/* End PBXResourcesBuildPhase section */

/* Begin PBXSourcesBuildPhase section */
		0ECBB32322DAA3F300142841 /* Sources */ = {
			isa = PBXSourcesBuildPhase;
			buildActionMask = 2147483647;
			files = (
				0ECBB32D22DAA3F300142841 /* ViewController.swift in Sources */,
				0ECBB32B22DAA3F300142841 /* AppDelegate.swift in Sources */,
			);
			runOnlyForDeploymentPostprocessing = 0;
		};
		0ECBB33722DAA3F400142841 /* Sources */ = {
			isa = PBXSourcesBuildPhase;
			buildActionMask = 2147483647;
			files = (
				0ECBB34022DAA3F400142841 /* VendingMachineAppTests.swift in Sources */,
			);
			runOnlyForDeploymentPostprocessing = 0;
		};
		0ECBB34222DAA3F400142841 /* Sources */ = {
			isa = PBXSourcesBuildPhase;
			buildActionMask = 2147483647;
			files = (
				0ECBB34B22DAA3F400142841 /* VendingMachineAppUITests.swift in Sources */,
			);
			runOnlyForDeploymentPostprocessing = 0;
		};
/* End PBXSourcesBuildPhase section */

/* Begin PBXTargetDependency section */
		0ECBB33D22DAA3F400142841 /* PBXTargetDependency */ = {
			isa = PBXTargetDependency;
			target = 0ECBB32622DAA3F300142841 /* VendingMachineApp */;
			targetProxy = 0ECBB33C22DAA3F400142841 /* PBXContainerItemProxy */;
		};
		0ECBB34822DAA3F400142841 /* PBXTargetDependency */ = {
			isa = PBXTargetDependency;
			target = 0ECBB32622DAA3F300142841 /* VendingMachineApp */;
			targetProxy = 0ECBB34722DAA3F400142841 /* PBXContainerItemProxy */;
		};
/* End PBXTargetDependency section */

/* Begin PBXVariantGroup section */
		0ECBB32E22DAA3F300142841 /* Main.storyboard */ = {
			isa = PBXVariantGroup;
			children = (
				0ECBB32F22DAA3F300142841 /* Base */,
			);
			name = Main.storyboard;
			sourceTree = "<group>";
		};
		0ECBB33322DAA3F400142841 /* LaunchScreen.storyboard */ = {
			isa = PBXVariantGroup;
			children = (
				0ECBB33422DAA3F400142841 /* Base */,
			);
			name = LaunchScreen.storyboard;
			sourceTree = "<group>";
		};
/* End PBXVariantGroup section */

/* Begin XCBuildConfiguration section */
		0ECBB34D22DAA3F400142841 /* Debug */ = {
			isa = XCBuildConfiguration;
			buildSettings = {
				ALWAYS_SEARCH_USER_PATHS = NO;
				CLANG_ANALYZER_NONNULL = YES;
				CLANG_ANALYZER_NUMBER_OBJECT_CONVERSION = YES_AGGRESSIVE;
				CLANG_CXX_LANGUAGE_STANDARD = "gnu++14";
				CLANG_CXX_LIBRARY = "libc++";
				CLANG_ENABLE_MODULES = YES;
				CLANG_ENABLE_OBJC_ARC = YES;
				CLANG_ENABLE_OBJC_WEAK = YES;
				CLANG_WARN_BLOCK_CAPTURE_AUTORELEASING = YES;
				CLANG_WARN_BOOL_CONVERSION = YES;
				CLANG_WARN_COMMA = YES;
				CLANG_WARN_CONSTANT_CONVERSION = YES;
				CLANG_WARN_DEPRECATED_OBJC_IMPLEMENTATIONS = YES;
				CLANG_WARN_DIRECT_OBJC_ISA_USAGE = YES_ERROR;
				CLANG_WARN_DOCUMENTATION_COMMENTS = YES;
				CLANG_WARN_EMPTY_BODY = YES;
				CLANG_WARN_ENUM_CONVERSION = YES;
				CLANG_WARN_INFINITE_RECURSION = YES;
				CLANG_WARN_INT_CONVERSION = YES;
				CLANG_WARN_NON_LITERAL_NULL_CONVERSION = YES;
				CLANG_WARN_OBJC_IMPLICIT_RETAIN_SELF = YES;
				CLANG_WARN_OBJC_LITERAL_CONVERSION = YES;
				CLANG_WARN_OBJC_ROOT_CLASS = YES_ERROR;
				CLANG_WARN_RANGE_LOOP_ANALYSIS = YES;
				CLANG_WARN_STRICT_PROTOTYPES = YES;
				CLANG_WARN_SUSPICIOUS_MOVE = YES;
				CLANG_WARN_UNGUARDED_AVAILABILITY = YES_AGGRESSIVE;
				CLANG_WARN_UNREACHABLE_CODE = YES;
				CLANG_WARN__DUPLICATE_METHOD_MATCH = YES;
				CODE_SIGN_IDENTITY = "iPhone Developer";
				COPY_PHASE_STRIP = NO;
				DEBUG_INFORMATION_FORMAT = dwarf;
				ENABLE_STRICT_OBJC_MSGSEND = YES;
				ENABLE_TESTABILITY = YES;
				GCC_C_LANGUAGE_STANDARD = gnu11;
				GCC_DYNAMIC_NO_PIC = NO;
				GCC_NO_COMMON_BLOCKS = YES;
				GCC_OPTIMIZATION_LEVEL = 0;
				GCC_PREPROCESSOR_DEFINITIONS = (
					"DEBUG=1",
					"$(inherited)",
				);
				GCC_WARN_64_TO_32_BIT_CONVERSION = YES;
				GCC_WARN_ABOUT_RETURN_TYPE = YES_ERROR;
				GCC_WARN_UNDECLARED_SELECTOR = YES;
				GCC_WARN_UNINITIALIZED_AUTOS = YES_AGGRESSIVE;
				GCC_WARN_UNUSED_FUNCTION = YES;
				GCC_WARN_UNUSED_VARIABLE = YES;
				IPHONEOS_DEPLOYMENT_TARGET = 12.2;
				MTL_ENABLE_DEBUG_INFO = INCLUDE_SOURCE;
				MTL_FAST_MATH = YES;
				ONLY_ACTIVE_ARCH = YES;
				SDKROOT = iphoneos;
				SWIFT_ACTIVE_COMPILATION_CONDITIONS = DEBUG;
				SWIFT_OPTIMIZATION_LEVEL = "-Onone";
			};
			name = Debug;
		};
		0ECBB34E22DAA3F400142841 /* Release */ = {
			isa = XCBuildConfiguration;
			buildSettings = {
				ALWAYS_SEARCH_USER_PATHS = NO;
				CLANG_ANALYZER_NONNULL = YES;
				CLANG_ANALYZER_NUMBER_OBJECT_CONVERSION = YES_AGGRESSIVE;
				CLANG_CXX_LANGUAGE_STANDARD = "gnu++14";
				CLANG_CXX_LIBRARY = "libc++";
				CLANG_ENABLE_MODULES = YES;
				CLANG_ENABLE_OBJC_ARC = YES;
				CLANG_ENABLE_OBJC_WEAK = YES;
				CLANG_WARN_BLOCK_CAPTURE_AUTORELEASING = YES;
				CLANG_WARN_BOOL_CONVERSION = YES;
				CLANG_WARN_COMMA = YES;
				CLANG_WARN_CONSTANT_CONVERSION = YES;
				CLANG_WARN_DEPRECATED_OBJC_IMPLEMENTATIONS = YES;
				CLANG_WARN_DIRECT_OBJC_ISA_USAGE = YES_ERROR;
				CLANG_WARN_DOCUMENTATION_COMMENTS = YES;
				CLANG_WARN_EMPTY_BODY = YES;
				CLANG_WARN_ENUM_CONVERSION = YES;
				CLANG_WARN_INFINITE_RECURSION = YES;
				CLANG_WARN_INT_CONVERSION = YES;
				CLANG_WARN_NON_LITERAL_NULL_CONVERSION = YES;
				CLANG_WARN_OBJC_IMPLICIT_RETAIN_SELF = YES;
				CLANG_WARN_OBJC_LITERAL_CONVERSION = YES;
				CLANG_WARN_OBJC_ROOT_CLASS = YES_ERROR;
				CLANG_WARN_RANGE_LOOP_ANALYSIS = YES;
				CLANG_WARN_STRICT_PROTOTYPES = YES;
				CLANG_WARN_SUSPICIOUS_MOVE = YES;
				CLANG_WARN_UNGUARDED_AVAILABILITY = YES_AGGRESSIVE;
				CLANG_WARN_UNREACHABLE_CODE = YES;
				CLANG_WARN__DUPLICATE_METHOD_MATCH = YES;
				CODE_SIGN_IDENTITY = "iPhone Developer";
				COPY_PHASE_STRIP = NO;
				DEBUG_INFORMATION_FORMAT = "dwarf-with-dsym";
				ENABLE_NS_ASSERTIONS = NO;
				ENABLE_STRICT_OBJC_MSGSEND = YES;
				GCC_C_LANGUAGE_STANDARD = gnu11;
				GCC_NO_COMMON_BLOCKS = YES;
				GCC_WARN_64_TO_32_BIT_CONVERSION = YES;
				GCC_WARN_ABOUT_RETURN_TYPE = YES_ERROR;
				GCC_WARN_UNDECLARED_SELECTOR = YES;
				GCC_WARN_UNINITIALIZED_AUTOS = YES_AGGRESSIVE;
				GCC_WARN_UNUSED_FUNCTION = YES;
				GCC_WARN_UNUSED_VARIABLE = YES;
				IPHONEOS_DEPLOYMENT_TARGET = 12.2;
				MTL_ENABLE_DEBUG_INFO = NO;
				MTL_FAST_MATH = YES;
				SDKROOT = iphoneos;
				SWIFT_COMPILATION_MODE = wholemodule;
				SWIFT_OPTIMIZATION_LEVEL = "-O";
				VALIDATE_PRODUCT = YES;
			};
			name = Release;
		};
		0ECBB35022DAA3F400142841 /* Debug */ = {
			isa = XCBuildConfiguration;
			buildSettings = {
				ASSETCATALOG_COMPILER_APPICON_NAME = AppIcon;
				CODE_SIGN_STYLE = Automatic;
				DEVELOPMENT_TEAM = 8BQHKQSA4Y;
				INFOPLIST_FILE = VendingMachineApp/Info.plist;
				LD_RUNPATH_SEARCH_PATHS = (
					"$(inherited)",
					"@executable_path/Frameworks",
				);
				PRODUCT_BUNDLE_IDENTIFIER = developer.OOwl.VendingMachineApp;
				PRODUCT_NAME = "$(TARGET_NAME)";
				SWIFT_VERSION = 5.0;
				TARGETED_DEVICE_FAMILY = "1,2";
			};
			name = Debug;
		};
		0ECBB35122DAA3F400142841 /* Release */ = {
			isa = XCBuildConfiguration;
			buildSettings = {
				ASSETCATALOG_COMPILER_APPICON_NAME = AppIcon;
				CODE_SIGN_STYLE = Automatic;
				DEVELOPMENT_TEAM = 8BQHKQSA4Y;
				INFOPLIST_FILE = VendingMachineApp/Info.plist;
				LD_RUNPATH_SEARCH_PATHS = (
					"$(inherited)",
					"@executable_path/Frameworks",
				);
				PRODUCT_BUNDLE_IDENTIFIER = developer.OOwl.VendingMachineApp;
				PRODUCT_NAME = "$(TARGET_NAME)";
				SWIFT_VERSION = 5.0;
				TARGETED_DEVICE_FAMILY = "1,2";
			};
			name = Release;
		};
		0ECBB35322DAA3F400142841 /* Debug */ = {
			isa = XCBuildConfiguration;
			buildSettings = {
				ALWAYS_EMBED_SWIFT_STANDARD_LIBRARIES = YES;
				BUNDLE_LOADER = "$(TEST_HOST)";
				CODE_SIGN_STYLE = Automatic;
				DEVELOPMENT_TEAM = 8BQHKQSA4Y;
				INFOPLIST_FILE = VendingMachineAppTests/Info.plist;
				LD_RUNPATH_SEARCH_PATHS = (
					"$(inherited)",
					"@executable_path/Frameworks",
					"@loader_path/Frameworks",
				);
				PRODUCT_BUNDLE_IDENTIFIER = developer.OOwl.VendingMachineAppTests;
				PRODUCT_NAME = "$(TARGET_NAME)";
				SWIFT_VERSION = 5.0;
				TARGETED_DEVICE_FAMILY = "1,2";
				TEST_HOST = "$(BUILT_PRODUCTS_DIR)/VendingMachineApp.app/VendingMachineApp";
			};
			name = Debug;
		};
		0ECBB35422DAA3F400142841 /* Release */ = {
			isa = XCBuildConfiguration;
			buildSettings = {
				ALWAYS_EMBED_SWIFT_STANDARD_LIBRARIES = YES;
				BUNDLE_LOADER = "$(TEST_HOST)";
				CODE_SIGN_STYLE = Automatic;
				DEVELOPMENT_TEAM = 8BQHKQSA4Y;
				INFOPLIST_FILE = VendingMachineAppTests/Info.plist;
				LD_RUNPATH_SEARCH_PATHS = (
					"$(inherited)",
					"@executable_path/Frameworks",
					"@loader_path/Frameworks",
				);
				PRODUCT_BUNDLE_IDENTIFIER = developer.OOwl.VendingMachineAppTests;
				PRODUCT_NAME = "$(TARGET_NAME)";
				SWIFT_VERSION = 5.0;
				TARGETED_DEVICE_FAMILY = "1,2";
				TEST_HOST = "$(BUILT_PRODUCTS_DIR)/VendingMachineApp.app/VendingMachineApp";
			};
			name = Release;
		};
		0ECBB35622DAA3F400142841 /* Debug */ = {
			isa = XCBuildConfiguration;
			buildSettings = {
				ALWAYS_EMBED_SWIFT_STANDARD_LIBRARIES = YES;
				CODE_SIGN_STYLE = Automatic;
				DEVELOPMENT_TEAM = 8BQHKQSA4Y;
				INFOPLIST_FILE = VendingMachineAppUITests/Info.plist;
				LD_RUNPATH_SEARCH_PATHS = (
					"$(inherited)",
					"@executable_path/Frameworks",
					"@loader_path/Frameworks",
				);
				PRODUCT_BUNDLE_IDENTIFIER = developer.OOwl.VendingMachineAppUITests;
				PRODUCT_NAME = "$(TARGET_NAME)";
				SWIFT_VERSION = 5.0;
				TARGETED_DEVICE_FAMILY = "1,2";
				TEST_TARGET_NAME = VendingMachineApp;
			};
			name = Debug;
		};
		0ECBB35722DAA3F400142841 /* Release */ = {
			isa = XCBuildConfiguration;
			buildSettings = {
				ALWAYS_EMBED_SWIFT_STANDARD_LIBRARIES = YES;
				CODE_SIGN_STYLE = Automatic;
				DEVELOPMENT_TEAM = 8BQHKQSA4Y;
				INFOPLIST_FILE = VendingMachineAppUITests/Info.plist;
				LD_RUNPATH_SEARCH_PATHS = (
					"$(inherited)",
					"@executable_path/Frameworks",
					"@loader_path/Frameworks",
				);
				PRODUCT_BUNDLE_IDENTIFIER = developer.OOwl.VendingMachineAppUITests;
				PRODUCT_NAME = "$(TARGET_NAME)";
				SWIFT_VERSION = 5.0;
				TARGETED_DEVICE_FAMILY = "1,2";
				TEST_TARGET_NAME = VendingMachineApp;
			};
			name = Release;
		};
/* End XCBuildConfiguration section */

/* Begin XCConfigurationList section */
		0ECBB32222DAA3F300142841 /* Build configuration list for PBXProject "VendingMachineApp" */ = {
			isa = XCConfigurationList;
			buildConfigurations = (
				0ECBB34D22DAA3F400142841 /* Debug */,
				0ECBB34E22DAA3F400142841 /* Release */,
			);
			defaultConfigurationIsVisible = 0;
			defaultConfigurationName = Release;
		};
		0ECBB34F22DAA3F400142841 /* Build configuration list for PBXNativeTarget "VendingMachineApp" */ = {
			isa = XCConfigurationList;
			buildConfigurations = (
				0ECBB35022DAA3F400142841 /* Debug */,
				0ECBB35122DAA3F400142841 /* Release */,
			);
			defaultConfigurationIsVisible = 0;
			defaultConfigurationName = Release;
		};
		0ECBB35222DAA3F400142841 /* Build configuration list for PBXNativeTarget "VendingMachineAppTests" */ = {
			isa = XCConfigurationList;
			buildConfigurations = (
				0ECBB35322DAA3F400142841 /* Debug */,
				0ECBB35422DAA3F400142841 /* Release */,
			);
			defaultConfigurationIsVisible = 0;
			defaultConfigurationName = Release;
		};
		0ECBB35522DAA3F400142841 /* Build configuration list for PBXNativeTarget "VendingMachineAppUITests" */ = {
			isa = XCConfigurationList;
			buildConfigurations = (
				0ECBB35622DAA3F400142841 /* Debug */,
				0ECBB35722DAA3F400142841 /* Release */,
			);
			defaultConfigurationIsVisible = 0;
			defaultConfigurationName = Release;
		};
/* End XCConfigurationList section */
	};
	rootObject = 0ECBB31F22DAA3F300142841 /* Project object */;
}
